
Microsoft Visual Studio Solution File, Format Version 12.00
# Visual Studio Version 17
VisualStudioVersion = 17.8.34511.84
MinimumVisualStudioVersion = 10.0.40219.1
Project("{9A19103F-16F7-4668-BE54-9A1E7A4F7556}") = "Library UI", "Library\Library UI.csproj", "{4B4D936E-B71B-486B-AB2D-476406EAD7D5}"
EndProject
Project("{2150E333-8FDC-42A3-9474-1A3956D46DE8}") = "01Domain", "01Domain", "{374D7379-3310-468E-B396-2039218E67C4}"
EndProject
Project("{2150E333-8FDC-42A3-9474-1A3956D46DE8}") = "02Infrastructure", "02Infrastructure", "{B6753655-3126-4F59-9BB5-BDA95413D7C1}"
EndProject
Project("{2150E333-8FDC-42A3-9474-1A3956D46DE8}") = "03Endpoint", "03Endpoint", "{3489E5F0-50BD-49B5-8F86-9640BB9784CA}"
EndProject
Project("{2150E333-8FDC-42A3-9474-1A3956D46DE8}") = "Mvc", "Mvc", "{BC14A9E2-4310-4004-8ECC-426E8D0AFA4D}"
EndProject
Project("{2150E333-8FDC-42A3-9474-1A3956D46DE8}") = "UI", "UI", "{5B655947-DD1B-42F5-88DE-B35A12366C7B}"
EndProject
Project("{2150E333-8FDC-42A3-9474-1A3956D46DE8}") = "Core", "Core", "{C761B5BE-8DA3-49BC-B324-132C7154CFF5}"
EndProject
Project("{2150E333-8FDC-42A3-9474-1A3956D46DE8}") = "Servisess", "Servisess", "{3CD3768C-AE5F-4A6B-82FD-F76D84121F6E}"
EndProject
Project("{9A19103F-16F7-4668-BE54-9A1E7A4F7556}") = "App.Domain.Core", "App.Domain.Core\App.Domain.Core.csproj", "{855181FA-22B5-489E-A15A-E6F6173512FB}"
EndProject
Project("{9A19103F-16F7-4668-BE54-9A1E7A4F7556}") = "App.Domain.Servises", "App.Domain.Servises\App.Domain.Servises.csproj", "{995A1F05-B229-4135-9753-C60D139C77BF}"
EndProject
Project("{2150E333-8FDC-42A3-9474-1A3956D46DE8}") = "DataAccess", "DataAccess", "{FF6FD70D-8B58-42E4-8EFB-B4686C480F2C}"
EndProject
Project("{2150E333-8FDC-42A3-9474-1A3956D46DE8}") = "DBConaxt", "DBConaxt", "{6B926720-DC7A-4F6D-B4A1-7EE12082E06C}"
EndProject
Project("{2150E333-8FDC-42A3-9474-1A3956D46DE8}") = "App.infra.DataAccess.Repo.Ef", "App.infra.DataAccess.Repo.Ef", "{6217CAF7-78BE-43F1-A4D1-1953255225AF}"
EndProject
Project("{9A19103F-16F7-4668-BE54-9A1E7A4F7556}") = "App.DB.REPO.EF.SQL", "App.DB.REPO.EF.SQL\App.DB.REPO.EF.SQL.csproj", "{834DA6A4-D0AD-4C2C-B8AC-DCC20881B800}"
EndProject
Project("{2150E333-8FDC-42A3-9474-1A3956D46DE8}") = "App.Infra.DbContaxt.Ef", "App.Infra.DbContaxt.Ef", "{5A7BF3F1-419C-413F-A1DD-7BE61E065506}"
EndProject
Project("{9A19103F-16F7-4668-BE54-9A1E7A4F7556}") = "App.infra.DbContaxt.EF.Sql", "App.infra.DbContaxt.EF.Sql\App.infra.DbContaxt.EF.Sql.csproj", "{C8558236-667A-4771-9304-F88EAB50567F}"
EndProject
Global
	GlobalSection(SolutionConfigurationPlatforms) = preSolution
		Debug|Any CPU = Debug|Any CPU
		Release|Any CPU = Release|Any CPU
	EndGlobalSection
	GlobalSection(ProjectConfigurationPlatforms) = postSolution
		{4B4D936E-B71B-486B-AB2D-476406EAD7D5}.Debug|Any CPU.ActiveCfg = Debug|Any CPU
		{4B4D936E-B71B-486B-AB2D-476406EAD7D5}.Debug|Any CPU.Build.0 = Debug|Any CPU
		{4B4D936E-B71B-486B-AB2D-476406EAD7D5}.Release|Any CPU.ActiveCfg = Release|Any CPU
		{4B4D936E-B71B-486B-AB2D-476406EAD7D5}.Release|Any CPU.Build.0 = Release|Any CPU
		{855181FA-22B5-489E-A15A-E6F6173512FB}.Debug|Any CPU.ActiveCfg = Debug|Any CPU
		{855181FA-22B5-489E-A15A-E6F6173512FB}.Debug|Any CPU.Build.0 = Debug|Any CPU
		{855181FA-22B5-489E-A15A-E6F6173512FB}.Release|Any CPU.ActiveCfg = Release|Any CPU
		{855181FA-22B5-489E-A15A-E6F6173512FB}.Release|Any CPU.Build.0 = Release|Any CPU
		{995A1F05-B229-4135-9753-C60D139C77BF}.Debug|Any CPU.ActiveCfg = Debug|Any CPU
		{995A1F05-B229-4135-9753-C60D139C77BF}.Debug|Any CPU.Build.0 = Debug|Any CPU
		{995A1F05-B229-4135-9753-C60D139C77BF}.Release|Any CPU.ActiveCfg = Release|Any CPU
		{995A1F05-B229-4135-9753-C60D139C77BF}.Release|Any CPU.Build.0 = Release|Any CPU
		{834DA6A4-D0AD-4C2C-B8AC-DCC20881B800}.Debug|Any CPU.ActiveCfg = Debug|Any CPU
		{834DA6A4-D0AD-4C2C-B8AC-DCC20881B800}.Debug|Any CPU.Build.0 = Debug|Any CPU
		{834DA6A4-D0AD-4C2C-B8AC-DCC20881B800}.Release|Any CPU.ActiveCfg = Release|Any CPU
		{834DA6A4-D0AD-4C2C-B8AC-DCC20881B800}.Release|Any CPU.Build.0 = Release|Any CPU
		{C8558236-667A-4771-9304-F88EAB50567F}.Debug|Any CPU.ActiveCfg = Debug|Any CPU
		{C8558236-667A-4771-9304-F88EAB50567F}.Debug|Any CPU.Build.0 = Debug|Any CPU
		{C8558236-667A-4771-9304-F88EAB50567F}.Release|Any CPU.ActiveCfg = Release|Any CPU
		{C8558236-667A-4771-9304-F88EAB50567F}.Release|Any CPU.Build.0 = Release|Any CPU
	EndGlobalSection
	GlobalSection(SolutionProperties) = preSolution
		HideSolutionNode = FALSE
	EndGlobalSection
	GlobalSection(NestedProjects) = preSolution
		{4B4D936E-B71B-486B-AB2D-476406EAD7D5} = {BC14A9E2-4310-4004-8ECC-426E8D0AFA4D}
		{BC14A9E2-4310-4004-8ECC-426E8D0AFA4D} = {5B655947-DD1B-42F5-88DE-B35A12366C7B}
		{5B655947-DD1B-42F5-88DE-B35A12366C7B} = {3489E5F0-50BD-49B5-8F86-9640BB9784CA}
		{C761B5BE-8DA3-49BC-B324-132C7154CFF5} = {374D7379-3310-468E-B396-2039218E67C4}
		{3CD3768C-AE5F-4A6B-82FD-F76D84121F6E} = {374D7379-3310-468E-B396-2039218E67C4}
		{855181FA-22B5-489E-A15A-E6F6173512FB} = {C761B5BE-8DA3-49BC-B324-132C7154CFF5}
		{995A1F05-B229-4135-9753-C60D139C77BF} = {3CD3768C-AE5F-4A6B-82FD-F76D84121F6E}
		{FF6FD70D-8B58-42E4-8EFB-B4686C480F2C} = {B6753655-3126-4F59-9BB5-BDA95413D7C1}
		{6B926720-DC7A-4F6D-B4A1-7EE12082E06C} = {B6753655-3126-4F59-9BB5-BDA95413D7C1}
		{6217CAF7-78BE-43F1-A4D1-1953255225AF} = {FF6FD70D-8B58-42E4-8EFB-B4686C480F2C}
		{834DA6A4-D0AD-4C2C-B8AC-DCC20881B800} = {6217CAF7-78BE-43F1-A4D1-1953255225AF}
		{5A7BF3F1-419C-413F-A1DD-7BE61E065506} = {6B926720-DC7A-4F6D-B4A1-7EE12082E06C}
		{C8558236-667A-4771-9304-F88EAB50567F} = {5A7BF3F1-419C-413F-A1DD-7BE61E065506}
	EndGlobalSection
	GlobalSection(ExtensibilityGlobals) = postSolution
		SolutionGuid = {D72B492B-960F-4844-9216-F0CEBD80BCB6}
	EndGlobalSection
EndGlobal
